schema: '2.0'
stages:
  stage_01:
    cmd: python stage_01.py
    deps:
    - path: stage_01.py
      hash: md5
      md5: 48f3583cff4da255954ef5e3c1770e41
      size: 88
    outs:
    - path: artifacts.txt
      hash: md5
      md5: cad9b797083259605a869212f8d9ad6b
      size: 32
  stage_02:
    cmd: python stage_02.py
    deps:
    - path: artifacts.txt
      hash: md5
      md5: cad9b797083259605a869212f8d9ad6b
      size: 32
    - path: stage_02.py
      hash: md5
      md5: 770b7c9fb55ce32c5a3cb39dccbda340
      size: 103
  stage_03:
    cmd: python stage_03.py
    deps:
    - path: artifacts.txt
      hash: md5
      md5: 9f3bac1e7a3da3f4487d4897749eae21
      size: 50
    - path: stage_03.py
      hash: md5
      md5: 0326be1e905c4d80f192b359c7213df9
      size: 193
